
Microsoft Visual Studio Solution File, Format Version 12.00
# Visual Studio Version 16
VisualStudioVersion = 16.0.30907.101
MinimumVisualStudioVersion = 10.0.40219.1
Project("{2150E333-8FDC-42A3-9474-1A3956D46DE8}") = "Solution Items", "Solution Items", "{5E5E8D5B-9709-4ADA-8457-434C99AAC3A3}"
	ProjectSection(SolutionItems) = preProject
		.editorconfig = .editorconfig
		.gitattributes = .gitattributes
		.gitignore = .gitignore
	EndProjectSection
EndProject
Project("{2150E333-8FDC-42A3-9474-1A3956D46DE8}") = "src", "src", "{A1572636-71C0-49B2-8796-D263D31C5956}"
EndProject
Project("{9A19103F-16F7-4668-BE54-9A1E7A4F7556}") = "Desafio.Compartilhado", "src\Desafio.Compartilhado\Desafio.Compartilhado.csproj", "{726E59CD-4E9D-4927-BAE4-DD5D0288954D}"
EndProject
Project("{9A19103F-16F7-4668-BE54-9A1E7A4F7556}") = "Desafio.Dominio", "src\Desafio.Dominio\Desafio.Dominio.csproj", "{588DAEBB-2800-4C5E-BEF5-320D9074CA7D}"
EndProject
Project("{9A19103F-16F7-4668-BE54-9A1E7A4F7556}") = "Desafio.Infraestrutura", "src\Desafio.Infraestrutura\Desafio.Infraestrutura.csproj", "{C1B14F74-D52A-4064-9E5B-7C12B2E78851}"
EndProject
Project("{9A19103F-16F7-4668-BE54-9A1E7A4F7556}") = "Desafio.InversaoControle", "src\Desafio.InversaoControle\Desafio.InversaoControle.csproj", "{C062C62E-D2AC-43A8-BF44-89F37F25408C}"
EndProject
Project("{9A19103F-16F7-4668-BE54-9A1E7A4F7556}") = "Desafio.Aplicacao", "src\Desafio.Aplicacao\Desafio.Aplicacao.csproj", "{09E7F3FD-F707-4D47-8ED2-E41D0EAC3F31}"
EndProject
Project("{9A19103F-16F7-4668-BE54-9A1E7A4F7556}") = "Desafio.ApiPublica", "src\Desafio.ApiPublica\Desafio.ApiPublica.csproj", "{B82E1FBB-EAA3-43D7-B04C-2B4A83A96E8D}"
EndProject
Project("{2150E333-8FDC-42A3-9474-1A3956D46DE8}") = "1 - Apresentacao", "1 - Apresentacao", "{F081A400-0A09-499B-9720-A6188C880218}"
EndProject
Project("{2150E333-8FDC-42A3-9474-1A3956D46DE8}") = "2 - Servicos", "2 - Servicos", "{861D9ACD-3203-4456-9850-E32F1EA2493F}"
EndProject
Project("{2150E333-8FDC-42A3-9474-1A3956D46DE8}") = "3 - Aplicacao", "3 - Aplicacao", "{E8CC2107-89F9-4A86-A1B7-E06B447D478B}"
EndProject
Project("{2150E333-8FDC-42A3-9474-1A3956D46DE8}") = "4 - Dominio", "4 - Dominio", "{F1A9AA3B-E9E4-454F-A8C3-2855DF7DAEB7}"
EndProject
Project("{2150E333-8FDC-42A3-9474-1A3956D46DE8}") = "5 - Infraestrutura", "5 - Infraestrutura", "{B2FF7859-8F7E-4DC4-AB4E-C25FA9BC3517}"
EndProject
Global
	GlobalSection(SolutionConfigurationPlatforms) = preSolution
		Debug|Any CPU = Debug|Any CPU
		Release|Any CPU = Release|Any CPU
	EndGlobalSection
	GlobalSection(ProjectConfigurationPlatforms) = postSolution
		{726E59CD-4E9D-4927-BAE4-DD5D0288954D}.Debug|Any CPU.ActiveCfg = Debug|Any CPU
		{726E59CD-4E9D-4927-BAE4-DD5D0288954D}.Debug|Any CPU.Build.0 = Debug|Any CPU
		{726E59CD-4E9D-4927-BAE4-DD5D0288954D}.Release|Any CPU.ActiveCfg = Release|Any CPU
		{726E59CD-4E9D-4927-BAE4-DD5D0288954D}.Release|Any CPU.Build.0 = Release|Any CPU
		{588DAEBB-2800-4C5E-BEF5-320D9074CA7D}.Debug|Any CPU.ActiveCfg = Debug|Any CPU
		{588DAEBB-2800-4C5E-BEF5-320D9074CA7D}.Debug|Any CPU.Build.0 = Debug|Any CPU
		{588DAEBB-2800-4C5E-BEF5-320D9074CA7D}.Release|Any CPU.ActiveCfg = Release|Any CPU
		{588DAEBB-2800-4C5E-BEF5-320D9074CA7D}.Release|Any CPU.Build.0 = Release|Any CPU
		{C1B14F74-D52A-4064-9E5B-7C12B2E78851}.Debug|Any CPU.ActiveCfg = Debug|Any CPU
		{C1B14F74-D52A-4064-9E5B-7C12B2E78851}.Debug|Any CPU.Build.0 = Debug|Any CPU
		{C1B14F74-D52A-4064-9E5B-7C12B2E78851}.Release|Any CPU.ActiveCfg = Release|Any CPU
		{C1B14F74-D52A-4064-9E5B-7C12B2E78851}.Release|Any CPU.Build.0 = Release|Any CPU
		{C062C62E-D2AC-43A8-BF44-89F37F25408C}.Debug|Any CPU.ActiveCfg = Debug|Any CPU
		{C062C62E-D2AC-43A8-BF44-89F37F25408C}.Debug|Any CPU.Build.0 = Debug|Any CPU
		{C062C62E-D2AC-43A8-BF44-89F37F25408C}.Release|Any CPU.ActiveCfg = Release|Any CPU
		{C062C62E-D2AC-43A8-BF44-89F37F25408C}.Release|Any CPU.Build.0 = Release|Any CPU
		{09E7F3FD-F707-4D47-8ED2-E41D0EAC3F31}.Debug|Any CPU.ActiveCfg = Debug|Any CPU
		{09E7F3FD-F707-4D47-8ED2-E41D0EAC3F31}.Debug|Any CPU.Build.0 = Debug|Any CPU
		{09E7F3FD-F707-4D47-8ED2-E41D0EAC3F31}.Release|Any CPU.ActiveCfg = Release|Any CPU
		{09E7F3FD-F707-4D47-8ED2-E41D0EAC3F31}.Release|Any CPU.Build.0 = Release|Any CPU
		{B82E1FBB-EAA3-43D7-B04C-2B4A83A96E8D}.Debug|Any CPU.ActiveCfg = Debug|Any CPU
		{B82E1FBB-EAA3-43D7-B04C-2B4A83A96E8D}.Debug|Any CPU.Build.0 = Debug|Any CPU
		{B82E1FBB-EAA3-43D7-B04C-2B4A83A96E8D}.Release|Any CPU.ActiveCfg = Release|Any CPU
		{B82E1FBB-EAA3-43D7-B04C-2B4A83A96E8D}.Release|Any CPU.Build.0 = Release|Any CPU
	EndGlobalSection
	GlobalSection(SolutionProperties) = preSolution
		HideSolutionNode = FALSE
	EndGlobalSection
	GlobalSection(NestedProjects) = preSolution
		{726E59CD-4E9D-4927-BAE4-DD5D0288954D} = {F1A9AA3B-E9E4-454F-A8C3-2855DF7DAEB7}
		{588DAEBB-2800-4C5E-BEF5-320D9074CA7D} = {F1A9AA3B-E9E4-454F-A8C3-2855DF7DAEB7}
		{C1B14F74-D52A-4064-9E5B-7C12B2E78851} = {B2FF7859-8F7E-4DC4-AB4E-C25FA9BC3517}
		{C062C62E-D2AC-43A8-BF44-89F37F25408C} = {B2FF7859-8F7E-4DC4-AB4E-C25FA9BC3517}
		{09E7F3FD-F707-4D47-8ED2-E41D0EAC3F31} = {E8CC2107-89F9-4A86-A1B7-E06B447D478B}
		{B82E1FBB-EAA3-43D7-B04C-2B4A83A96E8D} = {861D9ACD-3203-4456-9850-E32F1EA2493F}
		{F081A400-0A09-499B-9720-A6188C880218} = {A1572636-71C0-49B2-8796-D263D31C5956}
		{861D9ACD-3203-4456-9850-E32F1EA2493F} = {A1572636-71C0-49B2-8796-D263D31C5956}
		{E8CC2107-89F9-4A86-A1B7-E06B447D478B} = {A1572636-71C0-49B2-8796-D263D31C5956}
		{F1A9AA3B-E9E4-454F-A8C3-2855DF7DAEB7} = {A1572636-71C0-49B2-8796-D263D31C5956}
		{B2FF7859-8F7E-4DC4-AB4E-C25FA9BC3517} = {A1572636-71C0-49B2-8796-D263D31C5956}
	EndGlobalSection
	GlobalSection(ExtensibilityGlobals) = postSolution
		SolutionGuid = {A0602F7A-6DF3-432A-AB89-31555C332F51}
	EndGlobalSection
EndGlobal
